{
  "version": 4,
  "terraform_version": "1.10.4",
  "serial": 7,
  "lineage": "e215d9e3-e37a-a231-8930-8abe23b6ed95",
  "outputs": {},
  "resources": [
    {
      "mode": "managed",
      "type": "github_issue",
      "name": "issue1",
      "provider": "provider[\"registry.terraform.io/hashicorp/github\"]",
      "instances": [
        {
          "schema_version": 0,
          "attributes": {
            "assignees": null,
            "body": "The application crashes when starting up with error XYZ.",
            "etag": "W/\"133fd311c5bf3149db4375acadfac7762841ce22f4a5687f4192bcbac4a07aaa\"",
            "id": "my-advanced-repo:1",
            "issue_id": 2789524906,
            "labels": null,
            "milestone_number": 0,
            "number": 1,
            "repository": "my-advanced-repo",
            "title": "Bug: Application crashes on startup"
          },
          "sensitive_attributes": [],
          "private": "bnVsbA==",
          "dependencies": [
            "github_repository.my_advanced_repo"
          ]
        }
      ]
    },
    {
      "mode": "managed",
      "type": "github_issue",
      "name": "issue2",
      "provider": "provider[\"registry.terraform.io/hashicorp/github\"]",
      "instances": [
        {
          "schema_version": 0,
          "attributes": {
            "assignees": null,
            "body": "Please add a dark mode option for the application.",
            "etag": "W/\"9607261f80dfd4566775706fd74a0055f36daafd9d7f9e318b351c0028ba42b8\"",
            "id": "my-advanced-repo:2",
            "issue_id": 2789524963,
            "labels": null,
            "milestone_number": 0,
            "number": 2,
            "repository": "my-advanced-repo",
            "title": "Feature request: Add dark mode"
          },
          "sensitive_attributes": [],
          "private": "bnVsbA==",
          "dependencies": [
            "github_repository.my_advanced_repo"
          ]
        }
      ]
    },
    {
      "mode": "managed",
      "type": "github_repository",
      "name": "my_advanced_repo",
      "provider": "provider[\"registry.terraform.io/hashicorp/github\"]",
      "instances": [
        {
          "schema_version": 1,
          "attributes": {
            "allow_auto_merge": false,
            "allow_merge_commit": true,
            "allow_rebase_merge": true,
            "allow_squash_merge": true,
            "allow_update_branch": false,
            "archive_on_destroy": null,
            "archived": false,
            "auto_init": null,
            "default_branch": "main",
            "delete_branch_on_merge": false,
            "description": "A GitHub repository created using Terraform with CI/CD pipeline",
            "etag": "W/\"1f8408754871efc525431d7539f421e0100be38ecaae510f6b1101a7e3e67b13\"",
            "full_name": "Waqar26-parkar/my-advanced-repo",
            "git_clone_url": "git://github.com/Waqar26-parkar/my-advanced-repo.git",
            "gitignore_template": null,
            "has_discussions": false,
            "has_downloads": false,
            "has_issues": true,
            "has_projects": false,
            "has_wiki": false,
            "homepage_url": "",
            "html_url": "https://github.com/Waqar26-parkar/my-advanced-repo",
            "http_clone_url": "https://github.com/Waqar26-parkar/my-advanced-repo.git",
            "id": "my-advanced-repo",
            "ignore_vulnerability_alerts_during_read": null,
            "is_template": false,
            "license_template": null,
            "merge_commit_message": "PR_TITLE",
            "merge_commit_title": "MERGE_MESSAGE",
            "name": "my-advanced-repo",
            "node_id": "R_kgDONqnxNw",
            "pages": [],
            "primary_language": "",
            "private": false,
            "repo_id": 917106999,
            "security_and_analysis": [
              {
                "advanced_security": [],
                "secret_scanning": [
                  {
                    "status": "enabled"
                  }
                ],
                "secret_scanning_push_protection": [
                  {
                    "status": "enabled"
                  }
                ]
              }
            ],
            "squash_merge_commit_message": "COMMIT_MESSAGES",
            "squash_merge_commit_title": "COMMIT_OR_PR_TITLE",
            "ssh_clone_url": "git@github.com:Waqar26-parkar/my-advanced-repo.git",
            "svn_url": "https://github.com/Waqar26-parkar/my-advanced-repo",
            "template": [],
            "topics": [],
            "visibility": "public",
            "vulnerability_alerts": false,
            "web_commit_signoff_required": false
          },
          "sensitive_attributes": [],
          "private": "eyJzY2hlbWFfdmVyc2lvbiI6IjEifQ=="
        }
      ]
    },
    {
      "mode": "managed",
      "type": "local_file",
      "name": "workflow_file",
      "provider": "provider[\"registry.terraform.io/hashicorp/local\"]",
      "instances": [
        {
          "schema_version": 0,
          "attributes": {
            "content": "name: CI/CD Pipeline\n\non:\n  push:\n    branches:\n      - main\n      - develop\n\njobs:\n  build:\n    runs-on: ubuntu-latest\n    steps:\n    - name: Checkout code\n      uses: actions/checkout@v2\n    - name: Set up Python\n      uses: actions/setup-python@v2\n      with:\n        python-version: 3.8\n    - name: Install dependencies\n      run: |\n        python -m pip install --upgrade pip\n        pip install -r requirements.txt\n    - name: Run tests\n      run: |\n        pytest tests/\n",
            "content_base64": null,
            "content_base64sha256": "rf+Iyb+IIDyKAgKOt3sNpxI1BgHWC/7aZJm+EgBxOQE=",
            "content_base64sha512": "cKZHFVi9cECvohOTwMFbNx85BPOR6Jku7eEJ6edJpsknxAI0Eqpfh8u0eIfvAd4ZYsxyGbmTByQVpE/JOW6Qwg==",
            "content_md5": "915416b5f41a5b867dfed7ce397782a8",
            "content_sha1": "afd4b744b7e827dd6d6115a7e96bf43fdc190a6d",
            "content_sha256": "adff88c9bf88203c8a02028eb77b0da712350601d60bfeda6499be1200713901",
            "content_sha512": "70a6471558bd7040afa21393c0c15b371f3904f391e8992eede109e9e749a6c927c4023412aa5f87cbb47887ef01de1962cc7219b993072415a44fc9396e90c2",
            "directory_permission": "0777",
            "file_permission": "0777",
            "filename": "./.github/workflows/ci_cd_pipeline.yml",
            "id": "afd4b744b7e827dd6d6115a7e96bf43fdc190a6d",
            "sensitive_content": null,
            "source": null
          },
          "sensitive_attributes": [
            [
              {
                "type": "get_attr",
                "value": "sensitive_content"
              }
            ]
          ]
        }
      ]
    }
  ],
  "check_results": null
}
